
Microsoft Visual Studio Solution File, Format Version 12.00
# Visual Studio 15
VisualStudioVersion = 15.0.27130.2020
MinimumVisualStudioVersion = 10.0.40219.1
Project("{8BC9CEB8-8B4A-11D0-8D11-00A0C91BC942}") = "climbing-stairs", "climbing-stairs.vcxproj", "{60B1C717-0A7B-4EFC-AEE1-1F355F20FC13}"
EndProject
Global
	GlobalSection(SolutionConfigurationPlatforms) = preSolution
		Debug|x64 = Debug|x64
		Debug|x86 = Debug|x86
		Release|x64 = Release|x64
		Release|x86 = Release|x86
	EndGlobalSection
	GlobalSection(ProjectConfigurationPlatforms) = postSolution
		{60B1C717-0A7B-4EFC-AEE1-1F355F20FC13}.Debug|x64.ActiveCfg = Debug|x64
		{60B1C717-0A7B-4EFC-AEE1-1F355F20FC13}.Debug|x64.Build.0 = Debug|x64
		{60B1C717-0A7B-4EFC-AEE1-1F355F20FC13}.Debug|x86.ActiveCfg = Debug|Win32
		{60B1C717-0A7B-4EFC-AEE1-1F355F20FC13}.Debug|x86.Build.0 = Debug|Win32
		{60B1C717-0A7B-4EFC-AEE1-1F355F20FC13}.Release|x64.ActiveCfg = Release|x64
		{60B1C717-0A7B-4EFC-AEE1-1F355F20FC13}.Release|x64.Build.0 = Release|x64
		{60B1C717-0A7B-4EFC-AEE1-1F355F20FC13}.Release|x86.ActiveCfg = Release|Win32
		{60B1C717-0A7B-4EFC-AEE1-1F355F20FC13}.Release|x86.Build.0 = Release|Win32
	EndGlobalSection
	GlobalSection(SolutionProperties) = preSolution
		HideSolutionNode = FALSE
	EndGlobalSection
	GlobalSection(ExtensibilityGlobals) = postSolution
		SolutionGuid = {0CB86157-94A5-43BE-BF57-825CAFF61E8A}
	EndGlobalSection
EndGlobal
