
Microsoft Visual Studio Solution File, Format Version 12.00
# Visual Studio 15
VisualStudioVersion = 15.0.27130.2020
MinimumVisualStudioVersion = 10.0.40219.1
Project("{8BC9CEB8-8B4A-11D0-8D11-00A0C91BC942}") = "plus-one", "plus-one.vcxproj", "{3259F117-5DE3-4BAE-9501-FE20B00E6BF3}"
EndProject
Global
	GlobalSection(SolutionConfigurationPlatforms) = preSolution
		Debug|x64 = Debug|x64
		Debug|x86 = Debug|x86
		Release|x64 = Release|x64
		Release|x86 = Release|x86
	EndGlobalSection
	GlobalSection(ProjectConfigurationPlatforms) = postSolution
		{3259F117-5DE3-4BAE-9501-FE20B00E6BF3}.Debug|x64.ActiveCfg = Debug|x64
		{3259F117-5DE3-4BAE-9501-FE20B00E6BF3}.Debug|x64.Build.0 = Debug|x64
		{3259F117-5DE3-4BAE-9501-FE20B00E6BF3}.Debug|x86.ActiveCfg = Debug|Win32
		{3259F117-5DE3-4BAE-9501-FE20B00E6BF3}.Debug|x86.Build.0 = Debug|Win32
		{3259F117-5DE3-4BAE-9501-FE20B00E6BF3}.Release|x64.ActiveCfg = Release|x64
		{3259F117-5DE3-4BAE-9501-FE20B00E6BF3}.Release|x64.Build.0 = Release|x64
		{3259F117-5DE3-4BAE-9501-FE20B00E6BF3}.Release|x86.ActiveCfg = Release|Win32
		{3259F117-5DE3-4BAE-9501-FE20B00E6BF3}.Release|x86.Build.0 = Release|Win32
	EndGlobalSection
	GlobalSection(SolutionProperties) = preSolution
		HideSolutionNode = FALSE
	EndGlobalSection
	GlobalSection(ExtensibilityGlobals) = postSolution
		SolutionGuid = {4F6C4320-605B-4E47-9F32-E452AA674EEE}
	EndGlobalSection
EndGlobal
