
Microsoft Visual Studio Solution File, Format Version 12.00
# Visual Studio 15
VisualStudioVersion = 15.0.27130.2020
MinimumVisualStudioVersion = 10.0.40219.1
Project("{8BC9CEB8-8B4A-11D0-8D11-00A0C91BC942}") = "contains-duplicate", "contains-duplicate.vcxproj", "{9352C9A6-20AD-4A61-98B5-94A5437768C5}"
EndProject
Global
	GlobalSection(SolutionConfigurationPlatforms) = preSolution
		Debug|x64 = Debug|x64
		Debug|x86 = Debug|x86
		Release|x64 = Release|x64
		Release|x86 = Release|x86
	EndGlobalSection
	GlobalSection(ProjectConfigurationPlatforms) = postSolution
		{9352C9A6-20AD-4A61-98B5-94A5437768C5}.Debug|x64.ActiveCfg = Debug|x64
		{9352C9A6-20AD-4A61-98B5-94A5437768C5}.Debug|x64.Build.0 = Debug|x64
		{9352C9A6-20AD-4A61-98B5-94A5437768C5}.Debug|x86.ActiveCfg = Debug|Win32
		{9352C9A6-20AD-4A61-98B5-94A5437768C5}.Debug|x86.Build.0 = Debug|Win32
		{9352C9A6-20AD-4A61-98B5-94A5437768C5}.Release|x64.ActiveCfg = Release|x64
		{9352C9A6-20AD-4A61-98B5-94A5437768C5}.Release|x64.Build.0 = Release|x64
		{9352C9A6-20AD-4A61-98B5-94A5437768C5}.Release|x86.ActiveCfg = Release|Win32
		{9352C9A6-20AD-4A61-98B5-94A5437768C5}.Release|x86.Build.0 = Release|Win32
	EndGlobalSection
	GlobalSection(SolutionProperties) = preSolution
		HideSolutionNode = FALSE
	EndGlobalSection
	GlobalSection(ExtensibilityGlobals) = postSolution
		SolutionGuid = {D2830E65-6510-440A-9E9C-0864A1306CFF}
	EndGlobalSection
EndGlobal
