
Microsoft Visual Studio Solution File, Format Version 12.00
# Visual Studio 15
VisualStudioVersion = 15.0.27703.2000
MinimumVisualStudioVersion = 10.0.40219.1
Project("{8BC9CEB8-8B4A-11D0-8D11-00A0C91BC942}") = "first-unique-character-In-a-string", "first-unique-character-In-a-string.vcxproj", "{BE72DF3C-F464-48BA-804B-105D4B3D6CB0}"
EndProject
Global
	GlobalSection(SolutionConfigurationPlatforms) = preSolution
		Debug|x64 = Debug|x64
		Debug|x86 = Debug|x86
		Release|x64 = Release|x64
		Release|x86 = Release|x86
	EndGlobalSection
	GlobalSection(ProjectConfigurationPlatforms) = postSolution
		{BE72DF3C-F464-48BA-804B-105D4B3D6CB0}.Debug|x64.ActiveCfg = Debug|x64
		{BE72DF3C-F464-48BA-804B-105D4B3D6CB0}.Debug|x64.Build.0 = Debug|x64
		{BE72DF3C-F464-48BA-804B-105D4B3D6CB0}.Debug|x86.ActiveCfg = Debug|Win32
		{BE72DF3C-F464-48BA-804B-105D4B3D6CB0}.Debug|x86.Build.0 = Debug|Win32
		{BE72DF3C-F464-48BA-804B-105D4B3D6CB0}.Release|x64.ActiveCfg = Release|x64
		{BE72DF3C-F464-48BA-804B-105D4B3D6CB0}.Release|x64.Build.0 = Release|x64
		{BE72DF3C-F464-48BA-804B-105D4B3D6CB0}.Release|x86.ActiveCfg = Release|Win32
		{BE72DF3C-F464-48BA-804B-105D4B3D6CB0}.Release|x86.Build.0 = Release|Win32
	EndGlobalSection
	GlobalSection(SolutionProperties) = preSolution
		HideSolutionNode = FALSE
	EndGlobalSection
	GlobalSection(ExtensibilityGlobals) = postSolution
		SolutionGuid = {6AF4434E-7AAA-405A-B95F-7EDB37627CAD}
	EndGlobalSection
EndGlobal
