
Microsoft Visual Studio Solution File, Format Version 12.00
# Visual Studio 15
VisualStudioVersion = 15.0.27130.2020
MinimumVisualStudioVersion = 10.0.40219.1
Project("{8BC9CEB8-8B4A-11D0-8D11-00A0C91BC942}") = "add-two-numbers", "add-two-numbers.vcxproj", "{BE66FCE2-DF5E-4842-BD36-FEF4A484BB27}"
EndProject
Global
	GlobalSection(SolutionConfigurationPlatforms) = preSolution
		Debug|x64 = Debug|x64
		Debug|x86 = Debug|x86
		Release|x64 = Release|x64
		Release|x86 = Release|x86
	EndGlobalSection
	GlobalSection(ProjectConfigurationPlatforms) = postSolution
		{BE66FCE2-DF5E-4842-BD36-FEF4A484BB27}.Debug|x64.ActiveCfg = Debug|x64
		{BE66FCE2-DF5E-4842-BD36-FEF4A484BB27}.Debug|x64.Build.0 = Debug|x64
		{BE66FCE2-DF5E-4842-BD36-FEF4A484BB27}.Debug|x86.ActiveCfg = Debug|Win32
		{BE66FCE2-DF5E-4842-BD36-FEF4A484BB27}.Debug|x86.Build.0 = Debug|Win32
		{BE66FCE2-DF5E-4842-BD36-FEF4A484BB27}.Release|x64.ActiveCfg = Release|x64
		{BE66FCE2-DF5E-4842-BD36-FEF4A484BB27}.Release|x64.Build.0 = Release|x64
		{BE66FCE2-DF5E-4842-BD36-FEF4A484BB27}.Release|x86.ActiveCfg = Release|Win32
		{BE66FCE2-DF5E-4842-BD36-FEF4A484BB27}.Release|x86.Build.0 = Release|Win32
	EndGlobalSection
	GlobalSection(SolutionProperties) = preSolution
		HideSolutionNode = FALSE
	EndGlobalSection
	GlobalSection(ExtensibilityGlobals) = postSolution
		SolutionGuid = {52F8789E-A3FC-4C33-8C1E-E0F4DE0D230D}
	EndGlobalSection
EndGlobal
