
Microsoft Visual Studio Solution File, Format Version 12.00
# Visual Studio 15
VisualStudioVersion = 15.0.27130.2020
MinimumVisualStudioVersion = 10.0.40219.1
Project("{8BC9CEB8-8B4A-11D0-8D11-00A0C91BC942}") = "valid-palindrome", "valid-palindrome.vcxproj", "{5A7D8F62-F420-40D5-923B-A05C0CEB1951}"
EndProject
Global
	GlobalSection(SolutionConfigurationPlatforms) = preSolution
		Debug|x64 = Debug|x64
		Debug|x86 = Debug|x86
		Release|x64 = Release|x64
		Release|x86 = Release|x86
	EndGlobalSection
	GlobalSection(ProjectConfigurationPlatforms) = postSolution
		{5A7D8F62-F420-40D5-923B-A05C0CEB1951}.Debug|x64.ActiveCfg = Debug|x64
		{5A7D8F62-F420-40D5-923B-A05C0CEB1951}.Debug|x64.Build.0 = Debug|x64
		{5A7D8F62-F420-40D5-923B-A05C0CEB1951}.Debug|x86.ActiveCfg = Debug|Win32
		{5A7D8F62-F420-40D5-923B-A05C0CEB1951}.Debug|x86.Build.0 = Debug|Win32
		{5A7D8F62-F420-40D5-923B-A05C0CEB1951}.Release|x64.ActiveCfg = Release|x64
		{5A7D8F62-F420-40D5-923B-A05C0CEB1951}.Release|x64.Build.0 = Release|x64
		{5A7D8F62-F420-40D5-923B-A05C0CEB1951}.Release|x86.ActiveCfg = Release|Win32
		{5A7D8F62-F420-40D5-923B-A05C0CEB1951}.Release|x86.Build.0 = Release|Win32
	EndGlobalSection
	GlobalSection(SolutionProperties) = preSolution
		HideSolutionNode = FALSE
	EndGlobalSection
	GlobalSection(ExtensibilityGlobals) = postSolution
		SolutionGuid = {4DA40340-E83E-41A1-B37E-32518F575F36}
	EndGlobalSection
EndGlobal
